
Microsoft Visual Studio Solution File, Format Version 12.00
# Visual Studio 15
VisualStudioVersion = 15.0.27130.2010
MinimumVisualStudioVersion = 10.0.40219.1
Project("{FAE04EC0-301F-11D3-BF4B-00C04F79EFBC}") = "NPOItool", "NPOItool\NPOItool.csproj", "{55841E9E-C507-4DC5-A2AA-6F851DC2895A}"
EndProject
Global
	GlobalSection(SolutionConfigurationPlatforms) = preSolution
		Debug|Any CPU = Debug|Any CPU
		Release|Any CPU = Release|Any CPU
	EndGlobalSection
	GlobalSection(ProjectConfigurationPlatforms) = postSolution
		{55841E9E-C507-4DC5-A2AA-6F851DC2895A}.Debug|Any CPU.ActiveCfg = Debug|Any CPU
		{55841E9E-C507-4DC5-A2AA-6F851DC2895A}.Debug|Any CPU.Build.0 = Debug|Any CPU
		{55841E9E-C507-4DC5-A2AA-6F851DC2895A}.Release|Any CPU.ActiveCfg = Release|Any CPU
		{55841E9E-C507-4DC5-A2AA-6F851DC2895A}.Release|Any CPU.Build.0 = Release|Any CPU
	EndGlobalSection
	GlobalSection(SolutionProperties) = preSolution
		HideSolutionNode = FALSE
	EndGlobalSection
	GlobalSection(ExtensibilityGlobals) = postSolution
		SolutionGuid = {11890163-6570-46A4-BE6D-68714FEE0117}
	EndGlobalSection
EndGlobal
